
Microsoft Visual Studio Solution File, Format Version 12.00
# Visual Studio Version 17
VisualStudioVersion = 17.6.33815.320
MinimumVisualStudioVersion = 10.0.40219.1
Project("{FAE04EC0-301F-11D3-BF4B-00C04F79EFBC}") = "denemee", "denemee\denemee.csproj", "{0DA5EE5E-07C5-4AEB-B97C-AFF3637ABF0B}"
EndProject
Global
	GlobalSection(SolutionConfigurationPlatforms) = preSolution
		Debug|Any CPU = Debug|Any CPU
		Release|Any CPU = Release|Any CPU
	EndGlobalSection
	GlobalSection(ProjectConfigurationPlatforms) = postSolution
		{0DA5EE5E-07C5-4AEB-B97C-AFF3637ABF0B}.Debug|Any CPU.ActiveCfg = Debug|Any CPU
		{0DA5EE5E-07C5-4AEB-B97C-AFF3637ABF0B}.Debug|Any CPU.Build.0 = Debug|Any CPU
		{0DA5EE5E-07C5-4AEB-B97C-AFF3637ABF0B}.Release|Any CPU.ActiveCfg = Release|Any CPU
		{0DA5EE5E-07C5-4AEB-B97C-AFF3637ABF0B}.Release|Any CPU.Build.0 = Release|Any CPU
	EndGlobalSection
	GlobalSection(SolutionProperties) = preSolution
		HideSolutionNode = FALSE
	EndGlobalSection
	GlobalSection(ExtensibilityGlobals) = postSolution
		SolutionGuid = {4AC635D0-4F36-436E-BE8D-1E2C0A12B17C}
	EndGlobalSection
EndGlobal
